{
  "name": "@caching/caching",
  "version": "0.0.1",
  "lockfileVersion": 3,
  "requires": true,
  "packages": {
    "": {
      "name": "@caching/caching",
      "version": "0.0.1",
      "devDependencies": {
        "@types/cache-manager-ioredis": "^2.0.7"
      }
    },
    "node_modules/@types/cache-manager": {
      "version": "2.10.3",
      "resolved": "https://registry.npmjs.org/@types/cache-manager/-/cache-manager-2.10.3.tgz",
      "integrity": "sha512-PbaxAeU8SZhbVd6+IuepvyWN7KAjEThsrkdvITDxKAlN6/abIr3NW3WPzNLjJekqbVijg4YUYsyrVc84xXUHQw==",
      "dev": true,
      "license": "MIT"
    },
    "node_modules/@types/cache-manager-ioredis": {
      "version": "2.0.7",
      "resolved": "https://registry.npmjs.org/@types/cache-manager-ioredis/-/cache-manager-ioredis-2.0.7.tgz",
      "integrity": "sha512-DPqce7/qEbKiK5s0A2aexlKwkThhbRzX+yFpSsM+RYnMS2+T1AjGjYg8fyT8xoAA4GKD+Z+ZnAiWuu1Z8aXaiw==",
      "dev": true,
      "license": "MIT",
      "dependencies": {
        "@types/cache-manager": "<3",
        "@types/ioredis": "^4.28.10"
      }
    },
    "node_modules/@types/ioredis": {
      "version": "4.28.10",
      "resolved": "https://registry.npmjs.org/@types/ioredis/-/ioredis-4.28.10.tgz",
      "integrity": "sha512-69LyhUgrXdgcNDv7ogs1qXZomnfOEnSmrmMFqKgt1XMJxmoOSG/u3wYy13yACIfKuMJ8IhKgHafDO3sx19zVQQ==",
      "dev": true,
      "license": "MIT",
      "dependencies": {
        "@types/node": "*"
      }
    },
    "node_modules/@types/node": {
      "version": "22.13.13",
      "resolved": "https://registry.npmjs.org/@types/node/-/node-22.13.13.tgz",
      "integrity": "sha512-ClsL5nMwKaBRwPcCvH8E7+nU4GxHVx1axNvMZTFHMEfNI7oahimt26P5zjVCRrjiIWj6YFXfE1v3dEp94wLcGQ==",
      "dev": true,
      "license": "MIT",
      "dependencies": {
        "undici-types": "~6.20.0"
      }
    },
    "node_modules/undici-types": {
      "version": "6.20.0",
      "resolved": "https://registry.npmjs.org/undici-types/-/undici-types-6.20.0.tgz",
      "integrity": "sha512-Ny6QZ2Nju20vw1SRHe3d9jVu6gJ+4e3+MMpqu7pqE5HT6WsTSlce++GQmK5UXS8mzV8DSYHrQH+Xrf2jVcuKNg==",
      "dev": true,
      "license": "MIT"
    }
  }
}
